// !$*UTF8*$!
{
	archiveVersion = 1;
	classes = {
	};
	objectVersion = 56;
	objects = {

/* Begin PBXBuildFile section */
		502085B82C24883900A7554E /* ThreadsTutorialsApp.swift in Sources */ = {isa = PBXBuildFile; fileRef = 502085B72C24883900A7554E /* ThreadsTutorialsApp.swift */; };
		502085BA2C24883900A7554E /* ContentView.swift in Sources */ = {isa = PBXBuildFile; fileRef = 502085B92C24883900A7554E /* ContentView.swift */; };
		502085BC2C24883C00A7554E /* Assets.xcassets in Resources */ = {isa = PBXBuildFile; fileRef = 502085BB2C24883C00A7554E /* Assets.xcassets */; };
		502085BF2C24883C00A7554E /* Preview Assets.xcassets in Resources */ = {isa = PBXBuildFile; fileRef = 502085BE2C24883C00A7554E /* Preview Assets.xcassets */; };
		502A113F2C2C58B900F49BD6 /* CircularProfileImageView.swift in Sources */ = {isa = PBXBuildFile; fileRef = 502A113E2C2C58B900F49BD6 /* CircularProfileImageView.swift */; };
		502A11412C2C5E6D00F49BD6 /* UserCell.swift in Sources */ = {isa = PBXBuildFile; fileRef = 502A11402C2C5E6D00F49BD6 /* UserCell.swift */; };
		502A11442C2C7A0E00F49BD6 /* ProfileThreadFilter.swift in Sources */ = {isa = PBXBuildFile; fileRef = 502A11432C2C7A0E00F49BD6 /* ProfileThreadFilter.swift */; };
		502A11482C2DB96E00F49BD6 /* EditProfileView.swift in Sources */ = {isa = PBXBuildFile; fileRef = 502A11472C2DB96E00F49BD6 /* EditProfileView.swift */; };
		509E752A2C25E9ED00DC5AB9 /* ThreadsTextFieldModifier.swift in Sources */ = {isa = PBXBuildFile; fileRef = 509E75292C25E9ED00DC5AB9 /* ThreadsTextFieldModifier.swift */; };
		509E75362C2626BA00DC5AB9 /* ThreadsTabView.swift in Sources */ = {isa = PBXBuildFile; fileRef = 509E75352C2626BA00DC5AB9 /* ThreadsTabView.swift */; };
		50B000CC2C2627C100B3E511 /* RegistrationView.swift in Sources */ = {isa = PBXBuildFile; fileRef = 50B000CA2C2627C100B3E511 /* RegistrationView.swift */; };
		50B000CD2C2627C100B3E511 /* LoginView.swift in Sources */ = {isa = PBXBuildFile; fileRef = 50B000CB2C2627C100B3E511 /* LoginView.swift */; };
		50B000D12C29D71E00B3E511 /* FeedView.swift in Sources */ = {isa = PBXBuildFile; fileRef = 50B000D02C29D71E00B3E511 /* FeedView.swift */; };
		50B000D52C29D91900B3E511 /* ExploreView.swift in Sources */ = {isa = PBXBuildFile; fileRef = 50B000D42C29D91900B3E511 /* ExploreView.swift */; };
		50B000D92C29D9A000B3E511 /* CreateThreadView.swift in Sources */ = {isa = PBXBuildFile; fileRef = 50B000D82C29D9A000B3E511 /* CreateThreadView.swift */; };
		50B000DD2C29DA1600B3E511 /* ActivityView.swift in Sources */ = {isa = PBXBuildFile; fileRef = 50B000DC2C29DA1600B3E511 /* ActivityView.swift */; };
		50B000E12C29DA6C00B3E511 /* ProfileView.swift in Sources */ = {isa = PBXBuildFile; fileRef = 50B000E02C29DA6C00B3E511 /* ProfileView.swift */; };
		50B000E32C29F60200B3E511 /* ThreadCell.swift in Sources */ = {isa = PBXBuildFile; fileRef = 50B000E22C29F60200B3E511 /* ThreadCell.swift */; };
/* End PBXBuildFile section */

/* Begin PBXFileReference section */
		502085B42C24883900A7554E /* ThreadsTutorials.app */ = {isa = PBXFileReference; explicitFileType = wrapper.application; includeInIndex = 0; path = ThreadsTutorials.app; sourceTree = BUILT_PRODUCTS_DIR; };
		502085B72C24883900A7554E /* ThreadsTutorialsApp.swift */ = {isa = PBXFileReference; lastKnownFileType = sourcecode.swift; path = ThreadsTutorialsApp.swift; sourceTree = "<group>"; };
		502085B92C24883900A7554E /* ContentView.swift */ = {isa = PBXFileReference; lastKnownFileType = sourcecode.swift; path = ContentView.swift; sourceTree = "<group>"; };
		502085BB2C24883C00A7554E /* Assets.xcassets */ = {isa = PBXFileReference; lastKnownFileType = folder.assetcatalog; path = Assets.xcassets; sourceTree = "<group>"; };
		502085BE2C24883C00A7554E /* Preview Assets.xcassets */ = {isa = PBXFileReference; lastKnownFileType = folder.assetcatalog; path = "Preview Assets.xcassets"; sourceTree = "<group>"; };
		502A113E2C2C58B900F49BD6 /* CircularProfileImageView.swift */ = {isa = PBXFileReference; lastKnownFileType = sourcecode.swift; path = CircularProfileImageView.swift; sourceTree = "<group>"; };
		502A11402C2C5E6D00F49BD6 /* UserCell.swift */ = {isa = PBXFileReference; lastKnownFileType = sourcecode.swift; path = UserCell.swift; sourceTree = "<group>"; };
		502A11432C2C7A0E00F49BD6 /* ProfileThreadFilter.swift */ = {isa = PBXFileReference; lastKnownFileType = sourcecode.swift; path = ProfileThreadFilter.swift; sourceTree = "<group>"; };
		502A11472C2DB96E00F49BD6 /* EditProfileView.swift */ = {isa = PBXFileReference; lastKnownFileType = sourcecode.swift; path = EditProfileView.swift; sourceTree = "<group>"; };
		509E75292C25E9ED00DC5AB9 /* ThreadsTextFieldModifier.swift */ = {isa = PBXFileReference; lastKnownFileType = sourcecode.swift; path = ThreadsTextFieldModifier.swift; sourceTree = "<group>"; };
		509E75352C2626BA00DC5AB9 /* ThreadsTabView.swift */ = {isa = PBXFileReference; lastKnownFileType = sourcecode.swift; path = ThreadsTabView.swift; sourceTree = "<group>"; };
		50B000CA2C2627C100B3E511 /* RegistrationView.swift */ = {isa = PBXFileReference; fileEncoding = 4; lastKnownFileType = sourcecode.swift; name = RegistrationView.swift; path = Views/RegistrationView.swift; sourceTree = SOURCE_ROOT; };
		50B000CB2C2627C100B3E511 /* LoginView.swift */ = {isa = PBXFileReference; fileEncoding = 4; lastKnownFileType = sourcecode.swift; name = LoginView.swift; path = Views/LoginView.swift; sourceTree = SOURCE_ROOT; };
		50B000D02C29D71E00B3E511 /* FeedView.swift */ = {isa = PBXFileReference; lastKnownFileType = sourcecode.swift; path = FeedView.swift; sourceTree = "<group>"; };
		50B000D42C29D91900B3E511 /* ExploreView.swift */ = {isa = PBXFileReference; lastKnownFileType = sourcecode.swift; path = ExploreView.swift; sourceTree = "<group>"; };
		50B000D82C29D9A000B3E511 /* CreateThreadView.swift */ = {isa = PBXFileReference; lastKnownFileType = sourcecode.swift; path = CreateThreadView.swift; sourceTree = "<group>"; };
		50B000DC2C29DA1600B3E511 /* ActivityView.swift */ = {isa = PBXFileReference; lastKnownFileType = sourcecode.swift; path = ActivityView.swift; sourceTree = "<group>"; };
		50B000E02C29DA6C00B3E511 /* ProfileView.swift */ = {isa = PBXFileReference; lastKnownFileType = sourcecode.swift; path = ProfileView.swift; sourceTree = "<group>"; };
		50B000E22C29F60200B3E511 /* ThreadCell.swift */ = {isa = PBXFileReference; lastKnownFileType = sourcecode.swift; path = ThreadCell.swift; sourceTree = "<group>"; };
/* End PBXFileReference section */

/* Begin PBXFrameworksBuildPhase section */
		502085B12C24883900A7554E /* Frameworks */ = {
			isa = PBXFrameworksBuildPhase;
			buildActionMask = 2147483647;
			files = (
			);
			runOnlyForDeploymentPostprocessing = 0;
		};
/* End PBXFrameworksBuildPhase section */

/* Begin PBXGroup section */
		502085AB2C24883900A7554E = {
			isa = PBXGroup;
			children = (
				502085B62C24883900A7554E /* ThreadsTutorials */,
				502085B52C24883900A7554E /* Products */,
			);
			sourceTree = "<group>";
		};
		502085B52C24883900A7554E /* Products */ = {
			isa = PBXGroup;
			children = (
				502085B42C24883900A7554E /* ThreadsTutorials.app */,
			);
			name = Products;
			sourceTree = "<group>";
		};
		502085B62C24883900A7554E /* ThreadsTutorials */ = {
			isa = PBXGroup;
			children = (
				502085CA2C248D6F00A7554E /* Utils */,
				502085C92C248CA200A7554E /* App */,
				502085C82C248C9C00A7554E /* Core */,
				502085C72C248C9900A7554E /* Extensions */,
				502085C62C248C9300A7554E /* Model */,
				502085C52C248C8000A7554E /* Services */,
				502085BB2C24883C00A7554E /* Assets.xcassets */,
				502085BD2C24883C00A7554E /* Preview Content */,
			);
			path = ThreadsTutorials;
			sourceTree = "<group>";
		};
		502085BD2C24883C00A7554E /* Preview Content */ = {
			isa = PBXGroup;
			children = (
				502085BE2C24883C00A7554E /* Preview Assets.xcassets */,
			);
			path = "Preview Content";
			sourceTree = "<group>";
		};
		502085C52C248C8000A7554E /* Services */ = {
			isa = PBXGroup;
			children = (
			);
			path = Services;
			sourceTree = "<group>";
		};
		502085C62C248C9300A7554E /* Model */ = {
			isa = PBXGroup;
			children = (
			);
			path = Model;
			sourceTree = "<group>";
		};
		502085C72C248C9900A7554E /* Extensions */ = {
			isa = PBXGroup;
			children = (
			);
			path = Extensions;
			sourceTree = "<group>";
		};
		502085C82C248C9C00A7554E /* Core */ = {
			isa = PBXGroup;
			children = (
				502A113D2C2C588000F49BD6 /* Components */,
				50B000DA2C29D9F300B3E511 /* Activity */,
				502085CB2C248E6A00A7554E /* Authentication */,
				50B000D22C29D8FE00B3E511 /* Explore */,
				50B000CE2C29D6E400B3E511 /* Feed */,
				50B000DE2C29DA5700B3E511 /* Profile */,
				502085CC2C248E9600A7554E /* Root */,
				509E752B2C26235500DC5AB9 /* TabBar */,
				50B000D62C29D97800B3E511 /* ThreadCreation */,
			);
			path = Core;
			sourceTree = "<group>";
		};
		502085C92C248CA200A7554E /* App */ = {
			isa = PBXGroup;
			children = (
				502085B72C24883900A7554E /* ThreadsTutorialsApp.swift */,
			);
			path = App;
			sourceTree = "<group>";
		};
		502085CA2C248D6F00A7554E /* Utils */ = {
			isa = PBXGroup;
			children = (
				509E75282C25E99600DC5AB9 /* ViewModifiers */,
			);
			path = Utils;
			sourceTree = "<group>";
		};
		502085CB2C248E6A00A7554E /* Authentication */ = {
			isa = PBXGroup;
			children = (
				502085CD2C248F0500A7554E /* Views */,
			);
			path = Authentication;
			sourceTree = "<group>";
		};
		502085CC2C248E9600A7554E /* Root */ = {
			isa = PBXGroup;
			children = (
				502085B92C24883900A7554E /* ContentView.swift */,
			);
			path = Root;
			sourceTree = "<group>";
		};
		502085CD2C248F0500A7554E /* Views */ = {
			isa = PBXGroup;
			children = (
				50B000CB2C2627C100B3E511 /* LoginView.swift */,
				50B000CA2C2627C100B3E511 /* RegistrationView.swift */,
			);
			path = Views;
			sourceTree = "<group>";
		};
		502A113D2C2C588000F49BD6 /* Components */ = {
			isa = PBXGroup;
			children = (
				502A113E2C2C58B900F49BD6 /* CircularProfileImageView.swift */,
				502A11402C2C5E6D00F49BD6 /* UserCell.swift */,
			);
			path = Components;
			sourceTree = "<group>";
		};
		502A11422C2C786300F49BD6 /* Model */ = {
			isa = PBXGroup;
			children = (
				502A11432C2C7A0E00F49BD6 /* ProfileThreadFilter.swift */,
			);
			path = Model;
			sourceTree = "<group>";
		};
		502A11452C2CB4D700F49BD6 /* EditProfile */ = {
			isa = PBXGroup;
			children = (
				502A11462C2DB94300F49BD6 /* View */,
			);
			path = EditProfile;
			sourceTree = "<group>";
		};
		502A11462C2DB94300F49BD6 /* View */ = {
			isa = PBXGroup;
			children = (
				502A11472C2DB96E00F49BD6 /* EditProfileView.swift */,
			);
			path = View;
			sourceTree = "<group>";
		};
		509E75282C25E99600DC5AB9 /* ViewModifiers */ = {
			isa = PBXGroup;
			children = (
				509E75292C25E9ED00DC5AB9 /* ThreadsTextFieldModifier.swift */,
			);
			path = ViewModifiers;
			sourceTree = "<group>";
		};
		509E752B2C26235500DC5AB9 /* TabBar */ = {
			isa = PBXGroup;
			children = (
				509E75352C2626BA00DC5AB9 /* ThreadsTabView.swift */,
			);
			path = TabBar;
			sourceTree = "<group>";
		};
		50B000CE2C29D6E400B3E511 /* Feed */ = {
			isa = PBXGroup;
			children = (
				50B000CF2C29D6F600B3E511 /* View */,
			);
			path = Feed;
			sourceTree = "<group>";
		};
		50B000CF2C29D6F600B3E511 /* View */ = {
			isa = PBXGroup;
			children = (
				50B000D02C29D71E00B3E511 /* FeedView.swift */,
				50B000E22C29F60200B3E511 /* ThreadCell.swift */,
			);
			path = View;
			sourceTree = "<group>";
		};
		50B000D22C29D8FE00B3E511 /* Explore */ = {
			isa = PBXGroup;
			children = (
				50B000D32C29D90600B3E511 /* View */,
			);
			path = Explore;
			sourceTree = "<group>";
		};
		50B000D32C29D90600B3E511 /* View */ = {
			isa = PBXGroup;
			children = (
				50B000D42C29D91900B3E511 /* ExploreView.swift */,
			);
			path = View;
			sourceTree = "<group>";
		};
		50B000D62C29D97800B3E511 /* ThreadCreation */ = {
			isa = PBXGroup;
			children = (
				50B000D72C29D98200B3E511 /* View */,
			);
			path = ThreadCreation;
			sourceTree = "<group>";
		};
		50B000D72C29D98200B3E511 /* View */ = {
			isa = PBXGroup;
			children = (
				50B000D82C29D9A000B3E511 /* CreateThreadView.swift */,
			);
			path = View;
			sourceTree = "<group>";
		};
		50B000DA2C29D9F300B3E511 /* Activity */ = {
			isa = PBXGroup;
			children = (
				50B000DB2C29D9FE00B3E511 /* View */,
			);
			path = Activity;
			sourceTree = "<group>";
		};
		50B000DB2C29D9FE00B3E511 /* View */ = {
			isa = PBXGroup;
			children = (
				50B000DC2C29DA1600B3E511 /* ActivityView.swift */,
			);
			path = View;
			sourceTree = "<group>";
		};
		50B000DE2C29DA5700B3E511 /* Profile */ = {
			isa = PBXGroup;
			children = (
				502A11452C2CB4D700F49BD6 /* EditProfile */,
				502A11422C2C786300F49BD6 /* Model */,
				50B000DF2C29DA5F00B3E511 /* View */,
			);
			path = Profile;
			sourceTree = "<group>";
		};
		50B000DF2C29DA5F00B3E511 /* View */ = {
			isa = PBXGroup;
			children = (
				50B000E02C29DA6C00B3E511 /* ProfileView.swift */,
			);
			path = View;
			sourceTree = "<group>";
		};
/* End PBXGroup section */

/* Begin PBXNativeTarget section */
		502085B32C24883900A7554E /* ThreadsTutorials */ = {
			isa = PBXNativeTarget;
			buildConfigurationList = 502085C22C24883C00A7554E /* Build configuration list for PBXNativeTarget "ThreadsTutorials" */;
			buildPhases = (
				502085B02C24883900A7554E /* Sources */,
				502085B12C24883900A7554E /* Frameworks */,
				502085B22C24883900A7554E /* Resources */,
			);
			buildRules = (
			);
			dependencies = (
			);
			name = ThreadsTutorials;
			productName = ThreadsTutorials;
			productReference = 502085B42C24883900A7554E /* ThreadsTutorials.app */;
			productType = "com.apple.product-type.application";
		};
/* End PBXNativeTarget section */

/* Begin PBXProject section */
		502085AC2C24883900A7554E /* Project object */ = {
			isa = PBXProject;
			attributes = {
				BuildIndependentTargetsInParallel = 1;
				LastSwiftUpdateCheck = 1530;
				LastUpgradeCheck = 1530;
				TargetAttributes = {
					502085B32C24883900A7554E = {
						CreatedOnToolsVersion = 15.3;
					};
				};
			};
			buildConfigurationList = 502085AF2C24883900A7554E /* Build configuration list for PBXProject "ThreadsTutorials" */;
			compatibilityVersion = "Xcode 14.0";
			developmentRegion = en;
			hasScannedForEncodings = 0;
			knownRegions = (
				en,
				Base,
			);
			mainGroup = 502085AB2C24883900A7554E;
			productRefGroup = 502085B52C24883900A7554E /* Products */;
			projectDirPath = "";
			projectRoot = "";
			targets = (
				502085B32C24883900A7554E /* ThreadsTutorials */,
			);
		};
/* End PBXProject section */

/* Begin PBXResourcesBuildPhase section */
		502085B22C24883900A7554E /* Resources */ = {
			isa = PBXResourcesBuildPhase;
			buildActionMask = 2147483647;
			files = (
				502085BF2C24883C00A7554E /* Preview Assets.xcassets in Resources */,
				502085BC2C24883C00A7554E /* Assets.xcassets in Resources */,
			);
			runOnlyForDeploymentPostprocessing = 0;
		};
/* End PBXResourcesBuildPhase section */

/* Begin PBXSourcesBuildPhase section */
		502085B02C24883900A7554E /* Sources */ = {
			isa = PBXSourcesBuildPhase;
			buildActionMask = 2147483647;
			files = (
				50B000D12C29D71E00B3E511 /* FeedView.swift in Sources */,
				50B000CD2C2627C100B3E511 /* LoginView.swift in Sources */,
				502A11482C2DB96E00F49BD6 /* EditProfileView.swift in Sources */,
				502085BA2C24883900A7554E /* ContentView.swift in Sources */,
				50B000E32C29F60200B3E511 /* ThreadCell.swift in Sources */,
				50B000DD2C29DA1600B3E511 /* ActivityView.swift in Sources */,
				502A113F2C2C58B900F49BD6 /* CircularProfileImageView.swift in Sources */,
				502A11412C2C5E6D00F49BD6 /* UserCell.swift in Sources */,
				50B000D92C29D9A000B3E511 /* CreateThreadView.swift in Sources */,
				502A11442C2C7A0E00F49BD6 /* ProfileThreadFilter.swift in Sources */,
				509E75362C2626BA00DC5AB9 /* ThreadsTabView.swift in Sources */,
				509E752A2C25E9ED00DC5AB9 /* ThreadsTextFieldModifier.swift in Sources */,
				502085B82C24883900A7554E /* ThreadsTutorialsApp.swift in Sources */,
				50B000D52C29D91900B3E511 /* ExploreView.swift in Sources */,
				50B000E12C29DA6C00B3E511 /* ProfileView.swift in Sources */,
				50B000CC2C2627C100B3E511 /* RegistrationView.swift in Sources */,
			);
			runOnlyForDeploymentPostprocessing = 0;
		};
/* End PBXSourcesBuildPhase section */

/* Begin XCBuildConfiguration section */
		502085C02C24883C00A7554E /* Debug */ = {
			isa = XCBuildConfiguration;
			buildSettings = {
				ALWAYS_SEARCH_USER_PATHS = NO;
				ASSETCATALOG_COMPILER_GENERATE_SWIFT_ASSET_SYMBOL_EXTENSIONS = YES;
				CLANG_ANALYZER_NONNULL = YES;
				CLANG_ANALYZER_NUMBER_OBJECT_CONVERSION = YES_AGGRESSIVE;
				CLANG_CXX_LANGUAGE_STANDARD = "gnu++20";
				CLANG_ENABLE_MODULES = YES;
				CLANG_ENABLE_OBJC_ARC = YES;
				CLANG_ENABLE_OBJC_WEAK = YES;
				CLANG_WARN_BLOCK_CAPTURE_AUTORELEASING = YES;
				CLANG_WARN_BOOL_CONVERSION = YES;
				CLANG_WARN_COMMA = YES;
				CLANG_WARN_CONSTANT_CONVERSION = YES;
				CLANG_WARN_DEPRECATED_OBJC_IMPLEMENTATIONS = YES;
				CLANG_WARN_DIRECT_OBJC_ISA_USAGE = YES_ERROR;
				CLANG_WARN_DOCUMENTATION_COMMENTS = YES;
				CLANG_WARN_EMPTY_BODY = YES;
				CLANG_WARN_ENUM_CONVERSION = YES;
				CLANG_WARN_INFINITE_RECURSION = YES;
				CLANG_WARN_INT_CONVERSION = YES;
				CLANG_WARN_NON_LITERAL_NULL_CONVERSION = YES;
				CLANG_WARN_OBJC_IMPLICIT_RETAIN_SELF = YES;
				CLANG_WARN_OBJC_LITERAL_CONVERSION = YES;
				CLANG_WARN_OBJC_ROOT_CLASS = YES_ERROR;
				CLANG_WARN_QUOTED_INCLUDE_IN_FRAMEWORK_HEADER = YES;
				CLANG_WARN_RANGE_LOOP_ANALYSIS = YES;
				CLANG_WARN_STRICT_PROTOTYPES = YES;
				CLANG_WARN_SUSPICIOUS_MOVE = YES;
				CLANG_WARN_UNGUARDED_AVAILABILITY = YES_AGGRESSIVE;
				CLANG_WARN_UNREACHABLE_CODE = YES;
				CLANG_WARN__DUPLICATE_METHOD_MATCH = YES;
				COPY_PHASE_STRIP = NO;
				DEBUG_INFORMATION_FORMAT = dwarf;
				ENABLE_STRICT_OBJC_MSGSEND = YES;
				ENABLE_TESTABILITY = YES;
				ENABLE_USER_SCRIPT_SANDBOXING = YES;
				GCC_C_LANGUAGE_STANDARD = gnu17;
				GCC_DYNAMIC_NO_PIC = NO;
				GCC_NO_COMMON_BLOCKS = YES;
				GCC_OPTIMIZATION_LEVEL = 0;
				GCC_PREPROCESSOR_DEFINITIONS = (
					"DEBUG=1",
					"$(inherited)",
				);
				GCC_WARN_64_TO_32_BIT_CONVERSION = YES;
				GCC_WARN_ABOUT_RETURN_TYPE = YES_ERROR;
				GCC_WARN_UNDECLARED_SELECTOR = YES;
				GCC_WARN_UNINITIALIZED_AUTOS = YES_AGGRESSIVE;
				GCC_WARN_UNUSED_FUNCTION = YES;
				GCC_WARN_UNUSED_VARIABLE = YES;
				IPHONEOS_DEPLOYMENT_TARGET = 17.4;
				LOCALIZATION_PREFERS_STRING_CATALOGS = YES;
				MTL_ENABLE_DEBUG_INFO = INCLUDE_SOURCE;
				MTL_FAST_MATH = YES;
				ONLY_ACTIVE_ARCH = YES;
				SDKROOT = iphoneos;
				SWIFT_ACTIVE_COMPILATION_CONDITIONS = "DEBUG $(inherited)";
				SWIFT_OPTIMIZATION_LEVEL = "-Onone";
			};
			name = Debug;
		};
		502085C12C24883C00A7554E /* Release */ = {
			isa = XCBuildConfiguration;
			buildSettings = {
				ALWAYS_SEARCH_USER_PATHS = NO;
				ASSETCATALOG_COMPILER_GENERATE_SWIFT_ASSET_SYMBOL_EXTENSIONS = YES;
				CLANG_ANALYZER_NONNULL = YES;
				CLANG_ANALYZER_NUMBER_OBJECT_CONVERSION = YES_AGGRESSIVE;
				CLANG_CXX_LANGUAGE_STANDARD = "gnu++20";
				CLANG_ENABLE_MODULES = YES;
				CLANG_ENABLE_OBJC_ARC = YES;
				CLANG_ENABLE_OBJC_WEAK = YES;
				CLANG_WARN_BLOCK_CAPTURE_AUTORELEASING = YES;
				CLANG_WARN_BOOL_CONVERSION = YES;
				CLANG_WARN_COMMA = YES;
				CLANG_WARN_CONSTANT_CONVERSION = YES;
				CLANG_WARN_DEPRECATED_OBJC_IMPLEMENTATIONS = YES;
				CLANG_WARN_DIRECT_OBJC_ISA_USAGE = YES_ERROR;
				CLANG_WARN_DOCUMENTATION_COMMENTS = YES;
				CLANG_WARN_EMPTY_BODY = YES;
				CLANG_WARN_ENUM_CONVERSION = YES;
				CLANG_WARN_INFINITE_RECURSION = YES;
				CLANG_WARN_INT_CONVERSION = YES;
				CLANG_WARN_NON_LITERAL_NULL_CONVERSION = YES;
				CLANG_WARN_OBJC_IMPLICIT_RETAIN_SELF = YES;
				CLANG_WARN_OBJC_LITERAL_CONVERSION = YES;
				CLANG_WARN_OBJC_ROOT_CLASS = YES_ERROR;
				CLANG_WARN_QUOTED_INCLUDE_IN_FRAMEWORK_HEADER = YES;
				CLANG_WARN_RANGE_LOOP_ANALYSIS = YES;
				CLANG_WARN_STRICT_PROTOTYPES = YES;
				CLANG_WARN_SUSPICIOUS_MOVE = YES;
				CLANG_WARN_UNGUARDED_AVAILABILITY = YES_AGGRESSIVE;
				CLANG_WARN_UNREACHABLE_CODE = YES;
				CLANG_WARN__DUPLICATE_METHOD_MATCH = YES;
				COPY_PHASE_STRIP = NO;
				DEBUG_INFORMATION_FORMAT = "dwarf-with-dsym";
				ENABLE_NS_ASSERTIONS = NO;
				ENABLE_STRICT_OBJC_MSGSEND = YES;
				ENABLE_USER_SCRIPT_SANDBOXING = YES;
				GCC_C_LANGUAGE_STANDARD = gnu17;
				GCC_NO_COMMON_BLOCKS = YES;
				GCC_WARN_64_TO_32_BIT_CONVERSION = YES;
				GCC_WARN_ABOUT_RETURN_TYPE = YES_ERROR;
				GCC_WARN_UNDECLARED_SELECTOR = YES;
				GCC_WARN_UNINITIALIZED_AUTOS = YES_AGGRESSIVE;
				GCC_WARN_UNUSED_FUNCTION = YES;
				GCC_WARN_UNUSED_VARIABLE = YES;
				IPHONEOS_DEPLOYMENT_TARGET = 17.4;
				LOCALIZATION_PREFERS_STRING_CATALOGS = YES;
				MTL_ENABLE_DEBUG_INFO = NO;
				MTL_FAST_MATH = YES;
				SDKROOT = iphoneos;
				SWIFT_COMPILATION_MODE = wholemodule;
				VALIDATE_PRODUCT = YES;
			};
			name = Release;
		};
		502085C32C24883C00A7554E /* Debug */ = {
			isa = XCBuildConfiguration;
			buildSettings = {
				ASSETCATALOG_COMPILER_APPICON_NAME = AppIcon;
				ASSETCATALOG_COMPILER_GLOBAL_ACCENT_COLOR_NAME = AccentColor;
				CODE_SIGN_STYLE = Automatic;
				CURRENT_PROJECT_VERSION = 1;
				DEVELOPMENT_ASSET_PATHS = "\"ThreadsTutorials/Preview Content\"";
				DEVELOPMENT_TEAM = 92KHF647E9;
				ENABLE_PREVIEWS = YES;
				GENERATE_INFOPLIST_FILE = YES;
				INFOPLIST_KEY_UIApplicationSceneManifest_Generation = YES;
				INFOPLIST_KEY_UIApplicationSupportsIndirectInputEvents = YES;
				INFOPLIST_KEY_UILaunchScreen_Generation = YES;
				INFOPLIST_KEY_UISupportedInterfaceOrientations_iPad = "UIInterfaceOrientationPortrait UIInterfaceOrientationPortraitUpsideDown UIInterfaceOrientationLandscapeLeft UIInterfaceOrientationLandscapeRight";
				INFOPLIST_KEY_UISupportedInterfaceOrientations_iPhone = "UIInterfaceOrientationPortrait UIInterfaceOrientationLandscapeLeft UIInterfaceOrientationLandscapeRight";
				LD_RUNPATH_SEARCH_PATHS = (
					"$(inherited)",
					"@executable_path/Frameworks",
				);
				MARKETING_VERSION = 1.0;
				PRODUCT_BUNDLE_IDENTIFIER = asalcedo.ThreadsTutorials;
				PRODUCT_NAME = "$(TARGET_NAME)";
				SWIFT_EMIT_LOC_STRINGS = YES;
				SWIFT_VERSION = 5.0;
				TARGETED_DEVICE_FAMILY = "1,2";
			};
			name = Debug;
		};
		502085C42C24883C00A7554E /* Release */ = {
			isa = XCBuildConfiguration;
			buildSettings = {
				ASSETCATALOG_COMPILER_APPICON_NAME = AppIcon;
				ASSETCATALOG_COMPILER_GLOBAL_ACCENT_COLOR_NAME = AccentColor;
				CODE_SIGN_STYLE = Automatic;
				CURRENT_PROJECT_VERSION = 1;
				DEVELOPMENT_ASSET_PATHS = "\"ThreadsTutorials/Preview Content\"";
				DEVELOPMENT_TEAM = 92KHF647E9;
				ENABLE_PREVIEWS = YES;
				GENERATE_INFOPLIST_FILE = YES;
				INFOPLIST_KEY_UIApplicationSceneManifest_Generation = YES;
				INFOPLIST_KEY_UIApplicationSupportsIndirectInputEvents = YES;
				INFOPLIST_KEY_UILaunchScreen_Generation = YES;
				INFOPLIST_KEY_UISupportedInterfaceOrientations_iPad = "UIInterfaceOrientationPortrait UIInterfaceOrientationPortraitUpsideDown UIInterfaceOrientationLandscapeLeft UIInterfaceOrientationLandscapeRight";
				INFOPLIST_KEY_UISupportedInterfaceOrientations_iPhone = "UIInterfaceOrientationPortrait UIInterfaceOrientationLandscapeLeft UIInterfaceOrientationLandscapeRight";
				LD_RUNPATH_SEARCH_PATHS = (
					"$(inherited)",
					"@executable_path/Frameworks",
				);
				MARKETING_VERSION = 1.0;
				PRODUCT_BUNDLE_IDENTIFIER = asalcedo.ThreadsTutorials;
				PRODUCT_NAME = "$(TARGET_NAME)";
				SWIFT_EMIT_LOC_STRINGS = YES;
				SWIFT_VERSION = 5.0;
				TARGETED_DEVICE_FAMILY = "1,2";
			};
			name = Release;
		};
/* End XCBuildConfiguration section */

/* Begin XCConfigurationList section */
		502085AF2C24883900A7554E /* Build configuration list for PBXProject "ThreadsTutorials" */ = {
			isa = XCConfigurationList;
			buildConfigurations = (
				502085C02C24883C00A7554E /* Debug */,
				502085C12C24883C00A7554E /* Release */,
			);
			defaultConfigurationIsVisible = 0;
			defaultConfigurationName = Release;
		};
		502085C22C24883C00A7554E /* Build configuration list for PBXNativeTarget "ThreadsTutorials" */ = {
			isa = XCConfigurationList;
			buildConfigurations = (
				502085C32C24883C00A7554E /* Debug */,
				502085C42C24883C00A7554E /* Release */,
			);
			defaultConfigurationIsVisible = 0;
			defaultConfigurationName = Release;
		};
/* End XCConfigurationList section */
	};
	rootObject = 502085AC2C24883900A7554E /* Project object */;
}
